
Microsoft Visual Studio Solution File, Format Version 12.00
# Visual Studio Version 17
VisualStudioVersion = 17.0.31912.275
MinimumVisualStudioVersion = 10.0.40219.1
Project("{FAE04EC0-301F-11D3-BF4B-00C04F79EFBC}") = "Movie API", "Movie API.csproj", "{0BF27B5B-3320-4564-9918-6CACA663C8CF}"
EndProject
Global
	GlobalSection(SolutionConfigurationPlatforms) = preSolution
		Debug|Any CPU = Debug|Any CPU
		Release|Any CPU = Release|Any CPU
	EndGlobalSection
	GlobalSection(ProjectConfigurationPlatforms) = postSolution
		{0BF27B5B-3320-4564-9918-6CACA663C8CF}.Debug|Any CPU.ActiveCfg = Debug|Any CPU
		{0BF27B5B-3320-4564-9918-6CACA663C8CF}.Debug|Any CPU.Build.0 = Debug|Any CPU
		{0BF27B5B-3320-4564-9918-6CACA663C8CF}.Release|Any CPU.ActiveCfg = Release|Any CPU
		{0BF27B5B-3320-4564-9918-6CACA663C8CF}.Release|Any CPU.Build.0 = Release|Any CPU
	EndGlobalSection
	GlobalSection(SolutionProperties) = preSolution
		HideSolutionNode = FALSE
	EndGlobalSection
	GlobalSection(ExtensibilityGlobals) = postSolution
		SolutionGuid = {E81E099B-A372-4A67-AA98-57A8111902E1}
	EndGlobalSection
EndGlobal
